
Microsoft Visual Studio Solution File, Format Version 12.00
# Visual Studio Version 16
VisualStudioVersion = 16.0.30523.141
MinimumVisualStudioVersion = 10.0.40219.1
Project("{8BC9CEB8-8B4A-11D0-8D11-00A0C91BC942}") = "Week1", "Week1\Week1.vcxproj", "{51CC0A3E-F93A-4A6C-A5F9-D66519743DAB}"
EndProject
Global
	GlobalSection(SolutionConfigurationPlatforms) = preSolution
		Debug|x64 = Debug|x64
		Debug|x86 = Debug|x86
		Release|x64 = Release|x64
		Release|x86 = Release|x86
	EndGlobalSection
	GlobalSection(ProjectConfigurationPlatforms) = postSolution
		{51CC0A3E-F93A-4A6C-A5F9-D66519743DAB}.Debug|x64.ActiveCfg = Debug|x64
		{51CC0A3E-F93A-4A6C-A5F9-D66519743DAB}.Debug|x64.Build.0 = Debug|x64
		{51CC0A3E-F93A-4A6C-A5F9-D66519743DAB}.Debug|x86.ActiveCfg = Debug|Win32
		{51CC0A3E-F93A-4A6C-A5F9-D66519743DAB}.Debug|x86.Build.0 = Debug|Win32
		{51CC0A3E-F93A-4A6C-A5F9-D66519743DAB}.Release|x64.ActiveCfg = Release|x64
		{51CC0A3E-F93A-4A6C-A5F9-D66519743DAB}.Release|x64.Build.0 = Release|x64
		{51CC0A3E-F93A-4A6C-A5F9-D66519743DAB}.Release|x86.ActiveCfg = Release|Win32
		{51CC0A3E-F93A-4A6C-A5F9-D66519743DAB}.Release|x86.Build.0 = Release|Win32
	EndGlobalSection
	GlobalSection(SolutionProperties) = preSolution
		HideSolutionNode = FALSE
	EndGlobalSection
	GlobalSection(ExtensibilityGlobals) = postSolution
		SolutionGuid = {4D3EC260-3F41-4E33-89B7-D8D7CC1FB0DA}
	EndGlobalSection
EndGlobal
